// !$*UTF8*$!
{
	archiveVersion = 1;
	classes = {
	};
	objectVersion = 56;
	objects = {

/* Begin PBXBuildFile section */
		BA71DAC12B6100B1009B89B9 /* CustomDivider.swift in Sources */ = {isa = PBXBuildFile; fileRef = BA71DAC02B6100B1009B89B9 /* CustomDivider.swift */; };
		BA71DAC32B61013F009B89B9 /* CrewRoster.swift in Sources */ = {isa = PBXBuildFile; fileRef = BA71DAC22B61013F009B89B9 /* CrewRoster.swift */; };
		BAC44B2C2B5FC859008D93C3 /* MoonshotApp.swift in Sources */ = {isa = PBXBuildFile; fileRef = BAC44B2B2B5FC859008D93C3 /* MoonshotApp.swift */; };
		BAC44B2E2B5FC859008D93C3 /* ContentView.swift in Sources */ = {isa = PBXBuildFile; fileRef = BAC44B2D2B5FC859008D93C3 /* ContentView.swift */; };
		BAC44B302B5FC85B008D93C3 /* Assets.xcassets in Resources */ = {isa = PBXBuildFile; fileRef = BAC44B2F2B5FC85B008D93C3 /* Assets.xcassets */; };
		BAC44B332B5FC85B008D93C3 /* Preview Assets.xcassets in Resources */ = {isa = PBXBuildFile; fileRef = BAC44B322B5FC85B008D93C3 /* Preview Assets.xcassets */; };
		BAC44B3B2B5FC891008D93C3 /* missions.json in Resources */ = {isa = PBXBuildFile; fileRef = BAC44B392B5FC891008D93C3 /* missions.json */; };
		BAC44B3C2B5FC891008D93C3 /* astronauts.json in Resources */ = {isa = PBXBuildFile; fileRef = BAC44B3A2B5FC891008D93C3 /* astronauts.json */; };
		BAC44B3E2B5FC8E4008D93C3 /* Astronaut.swift in Sources */ = {isa = PBXBuildFile; fileRef = BAC44B3D2B5FC8E4008D93C3 /* Astronaut.swift */; };
		BAC44B402B5FC96B008D93C3 /* Bundle-Decodable.swift in Sources */ = {isa = PBXBuildFile; fileRef = BAC44B3F2B5FC96B008D93C3 /* Bundle-Decodable.swift */; };
		BAC44B422B5FCDC8008D93C3 /* Mission.swift in Sources */ = {isa = PBXBuildFile; fileRef = BAC44B412B5FCDC8008D93C3 /* Mission.swift */; };
		BAC44B442B5FD783008D93C3 /* Color-Theme.swift in Sources */ = {isa = PBXBuildFile; fileRef = BAC44B432B5FD783008D93C3 /* Color-Theme.swift */; };
		BAC44B462B600D6E008D93C3 /* MissionView.swift in Sources */ = {isa = PBXBuildFile; fileRef = BAC44B452B600D6D008D93C3 /* MissionView.swift */; };
		BAC44B482B6017AC008D93C3 /* AstronautView.swift in Sources */ = {isa = PBXBuildFile; fileRef = BAC44B472B6017AC008D93C3 /* AstronautView.swift */; };
/* End PBXBuildFile section */

/* Begin PBXFileReference section */
		BA71DAC02B6100B1009B89B9 /* CustomDivider.swift */ = {isa = PBXFileReference; lastKnownFileType = sourcecode.swift; path = CustomDivider.swift; sourceTree = "<group>"; };
		BA71DAC22B61013F009B89B9 /* CrewRoster.swift */ = {isa = PBXFileReference; lastKnownFileType = sourcecode.swift; path = CrewRoster.swift; sourceTree = "<group>"; };
		BAC44B282B5FC859008D93C3 /* Moonshot.app */ = {isa = PBXFileReference; explicitFileType = wrapper.application; includeInIndex = 0; path = Moonshot.app; sourceTree = BUILT_PRODUCTS_DIR; };
		BAC44B2B2B5FC859008D93C3 /* MoonshotApp.swift */ = {isa = PBXFileReference; lastKnownFileType = sourcecode.swift; path = MoonshotApp.swift; sourceTree = "<group>"; };
		BAC44B2D2B5FC859008D93C3 /* ContentView.swift */ = {isa = PBXFileReference; lastKnownFileType = sourcecode.swift; path = ContentView.swift; sourceTree = "<group>"; };
		BAC44B2F2B5FC85B008D93C3 /* Assets.xcassets */ = {isa = PBXFileReference; lastKnownFileType = folder.assetcatalog; path = Assets.xcassets; sourceTree = "<group>"; };
		BAC44B322B5FC85B008D93C3 /* Preview Assets.xcassets */ = {isa = PBXFileReference; lastKnownFileType = folder.assetcatalog; path = "Preview Assets.xcassets"; sourceTree = "<group>"; };
		BAC44B392B5FC891008D93C3 /* missions.json */ = {isa = PBXFileReference; fileEncoding = 4; lastKnownFileType = text.json; path = missions.json; sourceTree = "<group>"; };
		BAC44B3A2B5FC891008D93C3 /* astronauts.json */ = {isa = PBXFileReference; fileEncoding = 4; lastKnownFileType = text.json; path = astronauts.json; sourceTree = "<group>"; };
		BAC44B3D2B5FC8E4008D93C3 /* Astronaut.swift */ = {isa = PBXFileReference; lastKnownFileType = sourcecode.swift; path = Astronaut.swift; sourceTree = "<group>"; };
		BAC44B3F2B5FC96B008D93C3 /* Bundle-Decodable.swift */ = {isa = PBXFileReference; lastKnownFileType = sourcecode.swift; path = "Bundle-Decodable.swift"; sourceTree = "<group>"; };
		BAC44B412B5FCDC8008D93C3 /* Mission.swift */ = {isa = PBXFileReference; lastKnownFileType = sourcecode.swift; path = Mission.swift; sourceTree = "<group>"; };
		BAC44B432B5FD783008D93C3 /* Color-Theme.swift */ = {isa = PBXFileReference; lastKnownFileType = sourcecode.swift; path = "Color-Theme.swift"; sourceTree = "<group>"; };
		BAC44B452B600D6D008D93C3 /* MissionView.swift */ = {isa = PBXFileReference; lastKnownFileType = sourcecode.swift; path = MissionView.swift; sourceTree = "<group>"; };
		BAC44B472B6017AC008D93C3 /* AstronautView.swift */ = {isa = PBXFileReference; lastKnownFileType = sourcecode.swift; path = AstronautView.swift; sourceTree = "<group>"; };
/* End PBXFileReference section */

/* Begin PBXFrameworksBuildPhase section */
		BAC44B252B5FC859008D93C3 /* Frameworks */ = {
			isa = PBXFrameworksBuildPhase;
			buildActionMask = 2147483647;
			files = (
			);
			runOnlyForDeploymentPostprocessing = 0;
		};
/* End PBXFrameworksBuildPhase section */

/* Begin PBXGroup section */
		BAC44B1F2B5FC859008D93C3 = {
			isa = PBXGroup;
			children = (
				BAC44B2A2B5FC859008D93C3 /* Moonshot */,
				BAC44B292B5FC859008D93C3 /* Products */,
			);
			sourceTree = "<group>";
		};
		BAC44B292B5FC859008D93C3 /* Products */ = {
			isa = PBXGroup;
			children = (
				BAC44B282B5FC859008D93C3 /* Moonshot.app */,
			);
			name = Products;
			sourceTree = "<group>";
		};
		BAC44B2A2B5FC859008D93C3 /* Moonshot */ = {
			isa = PBXGroup;
			children = (
				BAC44B2B2B5FC859008D93C3 /* MoonshotApp.swift */,
				BAC44B2D2B5FC859008D93C3 /* ContentView.swift */,
				BAC44B452B600D6D008D93C3 /* MissionView.swift */,
				BA71DAC02B6100B1009B89B9 /* CustomDivider.swift */,
				BAC44B472B6017AC008D93C3 /* AstronautView.swift */,
				BA71DAC22B61013F009B89B9 /* CrewRoster.swift */,
				BAC44B432B5FD783008D93C3 /* Color-Theme.swift */,
				BAC44B3F2B5FC96B008D93C3 /* Bundle-Decodable.swift */,
				BAC44B3D2B5FC8E4008D93C3 /* Astronaut.swift */,
				BAC44B3A2B5FC891008D93C3 /* astronauts.json */,
				BAC44B412B5FCDC8008D93C3 /* Mission.swift */,
				BAC44B392B5FC891008D93C3 /* missions.json */,
				BAC44B2F2B5FC85B008D93C3 /* Assets.xcassets */,
				BAC44B312B5FC85B008D93C3 /* Preview Content */,
			);
			path = Moonshot;
			sourceTree = "<group>";
		};
		BAC44B312B5FC85B008D93C3 /* Preview Content */ = {
			isa = PBXGroup;
			children = (
				BAC44B322B5FC85B008D93C3 /* Preview Assets.xcassets */,
			);
			path = "Preview Content";
			sourceTree = "<group>";
		};
/* End PBXGroup section */

/* Begin PBXNativeTarget section */
		BAC44B272B5FC859008D93C3 /* Moonshot */ = {
			isa = PBXNativeTarget;
			buildConfigurationList = BAC44B362B5FC85B008D93C3 /* Build configuration list for PBXNativeTarget "Moonshot" */;
			buildPhases = (
				BAC44B242B5FC859008D93C3 /* Sources */,
				BAC44B252B5FC859008D93C3 /* Frameworks */,
				BAC44B262B5FC859008D93C3 /* Resources */,
			);
			buildRules = (
			);
			dependencies = (
			);
			name = Moonshot;
			productName = Moonshot;
			productReference = BAC44B282B5FC859008D93C3 /* Moonshot.app */;
			productType = "com.apple.product-type.application";
		};
/* End PBXNativeTarget section */

/* Begin PBXProject section */
		BAC44B202B5FC859008D93C3 /* Project object */ = {
			isa = PBXProject;
			attributes = {
				BuildIndependentTargetsInParallel = 1;
				LastSwiftUpdateCheck = 1520;
				LastUpgradeCheck = 1520;
				TargetAttributes = {
					BAC44B272B5FC859008D93C3 = {
						CreatedOnToolsVersion = 15.2;
					};
				};
			};
			buildConfigurationList = BAC44B232B5FC859008D93C3 /* Build configuration list for PBXProject "Moonshot" */;
			compatibilityVersion = "Xcode 14.0";
			developmentRegion = en;
			hasScannedForEncodings = 0;
			knownRegions = (
				en,
				Base,
			);
			mainGroup = BAC44B1F2B5FC859008D93C3;
			productRefGroup = BAC44B292B5FC859008D93C3 /* Products */;
			projectDirPath = "";
			projectRoot = "";
			targets = (
				BAC44B272B5FC859008D93C3 /* Moonshot */,
			);
		};
/* End PBXProject section */

/* Begin PBXResourcesBuildPhase section */
		BAC44B262B5FC859008D93C3 /* Resources */ = {
			isa = PBXResourcesBuildPhase;
			buildActionMask = 2147483647;
			files = (
				BAC44B332B5FC85B008D93C3 /* Preview Assets.xcassets in Resources */,
				BAC44B3B2B5FC891008D93C3 /* missions.json in Resources */,
				BAC44B302B5FC85B008D93C3 /* Assets.xcassets in Resources */,
				BAC44B3C2B5FC891008D93C3 /* astronauts.json in Resources */,
			);
			runOnlyForDeploymentPostprocessing = 0;
		};
/* End PBXResourcesBuildPhase section */

/* Begin PBXSourcesBuildPhase section */
		BAC44B242B5FC859008D93C3 /* Sources */ = {
			isa = PBXSourcesBuildPhase;
			buildActionMask = 2147483647;
			files = (
				BAC44B462B600D6E008D93C3 /* MissionView.swift in Sources */,
				BAC44B3E2B5FC8E4008D93C3 /* Astronaut.swift in Sources */,
				BAC44B482B6017AC008D93C3 /* AstronautView.swift in Sources */,
				BA71DAC32B61013F009B89B9 /* CrewRoster.swift in Sources */,
				BAC44B442B5FD783008D93C3 /* Color-Theme.swift in Sources */,
				BAC44B2E2B5FC859008D93C3 /* ContentView.swift in Sources */,
				BAC44B2C2B5FC859008D93C3 /* MoonshotApp.swift in Sources */,
				BAC44B422B5FCDC8008D93C3 /* Mission.swift in Sources */,
				BAC44B402B5FC96B008D93C3 /* Bundle-Decodable.swift in Sources */,
				BA71DAC12B6100B1009B89B9 /* CustomDivider.swift in Sources */,
			);
			runOnlyForDeploymentPostprocessing = 0;
		};
/* End PBXSourcesBuildPhase section */

/* Begin XCBuildConfiguration section */
		BAC44B342B5FC85B008D93C3 /* Debug */ = {
			isa = XCBuildConfiguration;
			buildSettings = {
				ALWAYS_SEARCH_USER_PATHS = NO;
				ASSETCATALOG_COMPILER_GENERATE_SWIFT_ASSET_SYMBOL_EXTENSIONS = YES;
				CLANG_ANALYZER_NONNULL = YES;
				CLANG_ANALYZER_NUMBER_OBJECT_CONVERSION = YES_AGGRESSIVE;
				CLANG_CXX_LANGUAGE_STANDARD = "gnu++20";
				CLANG_ENABLE_MODULES = YES;
				CLANG_ENABLE_OBJC_ARC = YES;
				CLANG_ENABLE_OBJC_WEAK = YES;
				CLANG_WARN_BLOCK_CAPTURE_AUTORELEASING = YES;
				CLANG_WARN_BOOL_CONVERSION = YES;
				CLANG_WARN_COMMA = YES;
				CLANG_WARN_CONSTANT_CONVERSION = YES;
				CLANG_WARN_DEPRECATED_OBJC_IMPLEMENTATIONS = YES;
				CLANG_WARN_DIRECT_OBJC_ISA_USAGE = YES_ERROR;
				CLANG_WARN_DOCUMENTATION_COMMENTS = YES;
				CLANG_WARN_EMPTY_BODY = YES;
				CLANG_WARN_ENUM_CONVERSION = YES;
				CLANG_WARN_INFINITE_RECURSION = YES;
				CLANG_WARN_INT_CONVERSION = YES;
				CLANG_WARN_NON_LITERAL_NULL_CONVERSION = YES;
				CLANG_WARN_OBJC_IMPLICIT_RETAIN_SELF = YES;
				CLANG_WARN_OBJC_LITERAL_CONVERSION = YES;
				CLANG_WARN_OBJC_ROOT_CLASS = YES_ERROR;
				CLANG_WARN_QUOTED_INCLUDE_IN_FRAMEWORK_HEADER = YES;
				CLANG_WARN_RANGE_LOOP_ANALYSIS = YES;
				CLANG_WARN_STRICT_PROTOTYPES = YES;
				CLANG_WARN_SUSPICIOUS_MOVE = YES;
				CLANG_WARN_UNGUARDED_AVAILABILITY = YES_AGGRESSIVE;
				CLANG_WARN_UNREACHABLE_CODE = YES;
				CLANG_WARN__DUPLICATE_METHOD_MATCH = YES;
				COPY_PHASE_STRIP = NO;
				DEBUG_INFORMATION_FORMAT = dwarf;
				ENABLE_STRICT_OBJC_MSGSEND = YES;
				ENABLE_TESTABILITY = YES;
				ENABLE_USER_SCRIPT_SANDBOXING = YES;
				GCC_C_LANGUAGE_STANDARD = gnu17;
				GCC_DYNAMIC_NO_PIC = NO;
				GCC_NO_COMMON_BLOCKS = YES;
				GCC_OPTIMIZATION_LEVEL = 0;
				GCC_PREPROCESSOR_DEFINITIONS = (
					"DEBUG=1",
					"$(inherited)",
				);
				GCC_WARN_64_TO_32_BIT_CONVERSION = YES;
				GCC_WARN_ABOUT_RETURN_TYPE = YES_ERROR;
				GCC_WARN_UNDECLARED_SELECTOR = YES;
				GCC_WARN_UNINITIALIZED_AUTOS = YES_AGGRESSIVE;
				GCC_WARN_UNUSED_FUNCTION = YES;
				GCC_WARN_UNUSED_VARIABLE = YES;
				IPHONEOS_DEPLOYMENT_TARGET = 17.2;
				LOCALIZATION_PREFERS_STRING_CATALOGS = YES;
				MTL_ENABLE_DEBUG_INFO = INCLUDE_SOURCE;
				MTL_FAST_MATH = YES;
				ONLY_ACTIVE_ARCH = YES;
				SDKROOT = iphoneos;
				SWIFT_ACTIVE_COMPILATION_CONDITIONS = "DEBUG $(inherited)";
				SWIFT_OPTIMIZATION_LEVEL = "-Onone";
			};
			name = Debug;
		};
		BAC44B352B5FC85B008D93C3 /* Release */ = {
			isa = XCBuildConfiguration;
			buildSettings = {
				ALWAYS_SEARCH_USER_PATHS = NO;
				ASSETCATALOG_COMPILER_GENERATE_SWIFT_ASSET_SYMBOL_EXTENSIONS = YES;
				CLANG_ANALYZER_NONNULL = YES;
				CLANG_ANALYZER_NUMBER_OBJECT_CONVERSION = YES_AGGRESSIVE;
				CLANG_CXX_LANGUAGE_STANDARD = "gnu++20";
				CLANG_ENABLE_MODULES = YES;
				CLANG_ENABLE_OBJC_ARC = YES;
				CLANG_ENABLE_OBJC_WEAK = YES;
				CLANG_WARN_BLOCK_CAPTURE_AUTORELEASING = YES;
				CLANG_WARN_BOOL_CONVERSION = YES;
				CLANG_WARN_COMMA = YES;
				CLANG_WARN_CONSTANT_CONVERSION = YES;
				CLANG_WARN_DEPRECATED_OBJC_IMPLEMENTATIONS = YES;
				CLANG_WARN_DIRECT_OBJC_ISA_USAGE = YES_ERROR;
				CLANG_WARN_DOCUMENTATION_COMMENTS = YES;
				CLANG_WARN_EMPTY_BODY = YES;
				CLANG_WARN_ENUM_CONVERSION = YES;
				CLANG_WARN_INFINITE_RECURSION = YES;
				CLANG_WARN_INT_CONVERSION = YES;
				CLANG_WARN_NON_LITERAL_NULL_CONVERSION = YES;
				CLANG_WARN_OBJC_IMPLICIT_RETAIN_SELF = YES;
				CLANG_WARN_OBJC_LITERAL_CONVERSION = YES;
				CLANG_WARN_OBJC_ROOT_CLASS = YES_ERROR;
				CLANG_WARN_QUOTED_INCLUDE_IN_FRAMEWORK_HEADER = YES;
				CLANG_WARN_RANGE_LOOP_ANALYSIS = YES;
				CLANG_WARN_STRICT_PROTOTYPES = YES;
				CLANG_WARN_SUSPICIOUS_MOVE = YES;
				CLANG_WARN_UNGUARDED_AVAILABILITY = YES_AGGRESSIVE;
				CLANG_WARN_UNREACHABLE_CODE = YES;
				CLANG_WARN__DUPLICATE_METHOD_MATCH = YES;
				COPY_PHASE_STRIP = NO;
				DEBUG_INFORMATION_FORMAT = "dwarf-with-dsym";
				ENABLE_NS_ASSERTIONS = NO;
				ENABLE_STRICT_OBJC_MSGSEND = YES;
				ENABLE_USER_SCRIPT_SANDBOXING = YES;
				GCC_C_LANGUAGE_STANDARD = gnu17;
				GCC_NO_COMMON_BLOCKS = YES;
				GCC_WARN_64_TO_32_BIT_CONVERSION = YES;
				GCC_WARN_ABOUT_RETURN_TYPE = YES_ERROR;
				GCC_WARN_UNDECLARED_SELECTOR = YES;
				GCC_WARN_UNINITIALIZED_AUTOS = YES_AGGRESSIVE;
				GCC_WARN_UNUSED_FUNCTION = YES;
				GCC_WARN_UNUSED_VARIABLE = YES;
				IPHONEOS_DEPLOYMENT_TARGET = 17.2;
				LOCALIZATION_PREFERS_STRING_CATALOGS = YES;
				MTL_ENABLE_DEBUG_INFO = NO;
				MTL_FAST_MATH = YES;
				SDKROOT = iphoneos;
				SWIFT_COMPILATION_MODE = wholemodule;
				VALIDATE_PRODUCT = YES;
			};
			name = Release;
		};
		BAC44B372B5FC85B008D93C3 /* Debug */ = {
			isa = XCBuildConfiguration;
			buildSettings = {
				ASSETCATALOG_COMPILER_APPICON_NAME = AppIcon;
				ASSETCATALOG_COMPILER_GLOBAL_ACCENT_COLOR_NAME = AccentColor;
				CODE_SIGN_STYLE = Automatic;
				CURRENT_PROJECT_VERSION = 1;
				DEVELOPMENT_ASSET_PATHS = "\"Moonshot/Preview Content\"";
				ENABLE_PREVIEWS = YES;
				GENERATE_INFOPLIST_FILE = YES;
				INFOPLIST_KEY_UIApplicationSceneManifest_Generation = YES;
				INFOPLIST_KEY_UIApplicationSupportsIndirectInputEvents = YES;
				INFOPLIST_KEY_UILaunchScreen_Generation = YES;
				INFOPLIST_KEY_UISupportedInterfaceOrientations_iPad = "UIInterfaceOrientationPortrait UIInterfaceOrientationPortraitUpsideDown UIInterfaceOrientationLandscapeLeft UIInterfaceOrientationLandscapeRight";
				INFOPLIST_KEY_UISupportedInterfaceOrientations_iPhone = "UIInterfaceOrientationPortrait UIInterfaceOrientationLandscapeLeft UIInterfaceOrientationLandscapeRight";
				LD_RUNPATH_SEARCH_PATHS = (
					"$(inherited)",
					"@executable_path/Frameworks",
				);
				MARKETING_VERSION = 1.0;
				PRODUCT_BUNDLE_IDENTIFIER = fr.charlenehoareau.Moonshot;
				PRODUCT_NAME = "$(TARGET_NAME)";
				SWIFT_EMIT_LOC_STRINGS = YES;
				SWIFT_VERSION = 5.0;
				TARGETED_DEVICE_FAMILY = "1,2";
			};
			name = Debug;
		};
		BAC44B382B5FC85B008D93C3 /* Release */ = {
			isa = XCBuildConfiguration;
			buildSettings = {
				ASSETCATALOG_COMPILER_APPICON_NAME = AppIcon;
				ASSETCATALOG_COMPILER_GLOBAL_ACCENT_COLOR_NAME = AccentColor;
				CODE_SIGN_STYLE = Automatic;
				CURRENT_PROJECT_VERSION = 1;
				DEVELOPMENT_ASSET_PATHS = "\"Moonshot/Preview Content\"";
				ENABLE_PREVIEWS = YES;
				GENERATE_INFOPLIST_FILE = YES;
				INFOPLIST_KEY_UIApplicationSceneManifest_Generation = YES;
				INFOPLIST_KEY_UIApplicationSupportsIndirectInputEvents = YES;
				INFOPLIST_KEY_UILaunchScreen_Generation = YES;
				INFOPLIST_KEY_UISupportedInterfaceOrientations_iPad = "UIInterfaceOrientationPortrait UIInterfaceOrientationPortraitUpsideDown UIInterfaceOrientationLandscapeLeft UIInterfaceOrientationLandscapeRight";
				INFOPLIST_KEY_UISupportedInterfaceOrientations_iPhone = "UIInterfaceOrientationPortrait UIInterfaceOrientationLandscapeLeft UIInterfaceOrientationLandscapeRight";
				LD_RUNPATH_SEARCH_PATHS = (
					"$(inherited)",
					"@executable_path/Frameworks",
				);
				MARKETING_VERSION = 1.0;
				PRODUCT_BUNDLE_IDENTIFIER = fr.charlenehoareau.Moonshot;
				PRODUCT_NAME = "$(TARGET_NAME)";
				SWIFT_EMIT_LOC_STRINGS = YES;
				SWIFT_VERSION = 5.0;
				TARGETED_DEVICE_FAMILY = "1,2";
			};
			name = Release;
		};
/* End XCBuildConfiguration section */

/* Begin XCConfigurationList section */
		BAC44B232B5FC859008D93C3 /* Build configuration list for PBXProject "Moonshot" */ = {
			isa = XCConfigurationList;
			buildConfigurations = (
				BAC44B342B5FC85B008D93C3 /* Debug */,
				BAC44B352B5FC85B008D93C3 /* Release */,
			);
			defaultConfigurationIsVisible = 0;
			defaultConfigurationName = Release;
		};
		BAC44B362B5FC85B008D93C3 /* Build configuration list for PBXNativeTarget "Moonshot" */ = {
			isa = XCConfigurationList;
			buildConfigurations = (
				BAC44B372B5FC85B008D93C3 /* Debug */,
				BAC44B382B5FC85B008D93C3 /* Release */,
			);
			defaultConfigurationIsVisible = 0;
			defaultConfigurationName = Release;
		};
/* End XCConfigurationList section */
	};
	rootObject = BAC44B202B5FC859008D93C3 /* Project object */;
}
